
Microsoft Visual Studio Solution File, Format Version 12.00
# Visual Studio Version 16
VisualStudioVersion = 16.0.30011.22
MinimumVisualStudioVersion = 10.0.40219.1
Project("{FAE04EC0-301F-11D3-BF4B-00C04F79EFBC}") = "Telarm", "Telarm.csproj", "{A94D9A75-9D10-4EB6-A2DE-D487C4D7E8AE}"
EndProject
Project("{FAE04EC0-301F-11D3-BF4B-00C04F79EFBC}") = "Telarm2", "..\Telarm2\Telarm2.csproj", "{F878F473-68D5-41F2-88B6-E865C0215E1C}"
EndProject
Project("{FAE04EC0-301F-11D3-BF4B-00C04F79EFBC}") = "Telarm3", "..\Telarm3\Telarm3.csproj", "{D029EB82-2EB6-4DBA-A63C-E4E40C30A0BD}"
EndProject
Global
	GlobalSection(SolutionConfigurationPlatforms) = preSolution
		Debug|Any CPU = Debug|Any CPU
		Release|Any CPU = Release|Any CPU
	EndGlobalSection
	GlobalSection(ProjectConfigurationPlatforms) = postSolution
		{A94D9A75-9D10-4EB6-A2DE-D487C4D7E8AE}.Debug|Any CPU.ActiveCfg = Debug|Any CPU
		{A94D9A75-9D10-4EB6-A2DE-D487C4D7E8AE}.Debug|Any CPU.Build.0 = Debug|Any CPU
		{A94D9A75-9D10-4EB6-A2DE-D487C4D7E8AE}.Release|Any CPU.ActiveCfg = Release|Any CPU
		{A94D9A75-9D10-4EB6-A2DE-D487C4D7E8AE}.Release|Any CPU.Build.0 = Release|Any CPU
		{F878F473-68D5-41F2-88B6-E865C0215E1C}.Debug|Any CPU.ActiveCfg = Debug|Any CPU
		{F878F473-68D5-41F2-88B6-E865C0215E1C}.Debug|Any CPU.Build.0 = Debug|Any CPU
		{F878F473-68D5-41F2-88B6-E865C0215E1C}.Release|Any CPU.ActiveCfg = Release|Any CPU
		{F878F473-68D5-41F2-88B6-E865C0215E1C}.Release|Any CPU.Build.0 = Release|Any CPU
		{D029EB82-2EB6-4DBA-A63C-E4E40C30A0BD}.Debug|Any CPU.ActiveCfg = Debug|Any CPU
		{D029EB82-2EB6-4DBA-A63C-E4E40C30A0BD}.Debug|Any CPU.Build.0 = Debug|Any CPU
		{D029EB82-2EB6-4DBA-A63C-E4E40C30A0BD}.Release|Any CPU.ActiveCfg = Release|Any CPU
		{D029EB82-2EB6-4DBA-A63C-E4E40C30A0BD}.Release|Any CPU.Build.0 = Release|Any CPU
	EndGlobalSection
	GlobalSection(SolutionProperties) = preSolution
		HideSolutionNode = FALSE
	EndGlobalSection
	GlobalSection(ExtensibilityGlobals) = postSolution
		SolutionGuid = {C91921C1-F9AB-4FED-80D1-CD6801591E4E}
	EndGlobalSection
EndGlobal
